
Microsoft Visual Studio Solution File, Format Version 12.00
# Visual Studio Version 17
VisualStudioVersion = 17.9.34723.18
MinimumVisualStudioVersion = 10.0.40219.1
Project("{9A19103F-16F7-4668-BE54-9A1E7A4F7556}") = "PersonalPasswordManagerAPI", "PersonalPasswordManagerAPI\PersonalPasswordManagerAPI.csproj", "{FBFB5E8A-5748-4991-A139-B5400F3B260F}"
EndProject
Project("{9A19103F-16F7-4668-BE54-9A1E7A4F7556}") = "PersonalPasswordManager.Services", "PersonalPasswordManager.Services\PersonalPasswordManager.Services.csproj", "{82E96E91-FB52-4642-8C45-AF3966C77241}"
EndProject
Project("{9A19103F-16F7-4668-BE54-9A1E7A4F7556}") = "PersonalPasswordManager.Repository", "PersonalPasswordManager.Repository\PersonalPasswordManager.Repository.csproj", "{6731319C-8416-45CC-AD7D-EF4CD576F478}"
EndProject
Project("{9A19103F-16F7-4668-BE54-9A1E7A4F7556}") = "Models", "Models\Models.csproj", "{1A20388F-1124-48A3-BAEC-77F2DDA14E6D}"
EndProject
Project("{9A19103F-16F7-4668-BE54-9A1E7A4F7556}") = "PersonalPasswordManager.Utilities", "PersonalPasswordManager.Utilities\PersonalPasswordManager.Utilities.csproj", "{F1027344-3BB0-4DE4-B7EC-86070D7F0A36}"
EndProject
Project("{FAE04EC0-301F-11D3-BF4B-00C04F79EFBC}") = "PersonalPasswordManager.UnitTests", "PersonalPasswordManager.UnitTests\PersonalPasswordManager.UnitTests.csproj", "{F2F40E8A-CD05-47DE-AEDD-D953B47F1A85}"
EndProject
Global
	GlobalSection(SolutionConfigurationPlatforms) = preSolution
		Debug|Any CPU = Debug|Any CPU
		Release|Any CPU = Release|Any CPU
	EndGlobalSection
	GlobalSection(ProjectConfigurationPlatforms) = postSolution
		{FBFB5E8A-5748-4991-A139-B5400F3B260F}.Debug|Any CPU.ActiveCfg = Debug|Any CPU
		{FBFB5E8A-5748-4991-A139-B5400F3B260F}.Debug|Any CPU.Build.0 = Debug|Any CPU
		{FBFB5E8A-5748-4991-A139-B5400F3B260F}.Release|Any CPU.ActiveCfg = Release|Any CPU
		{FBFB5E8A-5748-4991-A139-B5400F3B260F}.Release|Any CPU.Build.0 = Release|Any CPU
		{82E96E91-FB52-4642-8C45-AF3966C77241}.Debug|Any CPU.ActiveCfg = Debug|Any CPU
		{82E96E91-FB52-4642-8C45-AF3966C77241}.Debug|Any CPU.Build.0 = Debug|Any CPU
		{82E96E91-FB52-4642-8C45-AF3966C77241}.Release|Any CPU.ActiveCfg = Release|Any CPU
		{82E96E91-FB52-4642-8C45-AF3966C77241}.Release|Any CPU.Build.0 = Release|Any CPU
		{6731319C-8416-45CC-AD7D-EF4CD576F478}.Debug|Any CPU.ActiveCfg = Debug|Any CPU
		{6731319C-8416-45CC-AD7D-EF4CD576F478}.Debug|Any CPU.Build.0 = Debug|Any CPU
		{6731319C-8416-45CC-AD7D-EF4CD576F478}.Release|Any CPU.ActiveCfg = Release|Any CPU
		{6731319C-8416-45CC-AD7D-EF4CD576F478}.Release|Any CPU.Build.0 = Release|Any CPU
		{1A20388F-1124-48A3-BAEC-77F2DDA14E6D}.Debug|Any CPU.ActiveCfg = Debug|Any CPU
		{1A20388F-1124-48A3-BAEC-77F2DDA14E6D}.Debug|Any CPU.Build.0 = Debug|Any CPU
		{1A20388F-1124-48A3-BAEC-77F2DDA14E6D}.Release|Any CPU.ActiveCfg = Release|Any CPU
		{1A20388F-1124-48A3-BAEC-77F2DDA14E6D}.Release|Any CPU.Build.0 = Release|Any CPU
		{F1027344-3BB0-4DE4-B7EC-86070D7F0A36}.Debug|Any CPU.ActiveCfg = Debug|Any CPU
		{F1027344-3BB0-4DE4-B7EC-86070D7F0A36}.Debug|Any CPU.Build.0 = Debug|Any CPU
		{F1027344-3BB0-4DE4-B7EC-86070D7F0A36}.Release|Any CPU.ActiveCfg = Release|Any CPU
		{F1027344-3BB0-4DE4-B7EC-86070D7F0A36}.Release|Any CPU.Build.0 = Release|Any CPU
		{F2F40E8A-CD05-47DE-AEDD-D953B47F1A85}.Debug|Any CPU.ActiveCfg = Debug|Any CPU
		{F2F40E8A-CD05-47DE-AEDD-D953B47F1A85}.Debug|Any CPU.Build.0 = Debug|Any CPU
		{F2F40E8A-CD05-47DE-AEDD-D953B47F1A85}.Release|Any CPU.ActiveCfg = Release|Any CPU
		{F2F40E8A-CD05-47DE-AEDD-D953B47F1A85}.Release|Any CPU.Build.0 = Release|Any CPU
	EndGlobalSection
	GlobalSection(SolutionProperties) = preSolution
		HideSolutionNode = FALSE
	EndGlobalSection
	GlobalSection(ExtensibilityGlobals) = postSolution
		SolutionGuid = {3720D682-EAE5-4704-87C9-B6485D553764}
	EndGlobalSection
EndGlobal
